// !$*UTF8*$!
{
	archiveVersion = 1;
	classes = {
	};
	objectVersion = 46;
	objects = {

/* Begin PBXBuildFile section */
		C76D89E71B5D18F600D8CAE3 /* AppDelegate.swift in Sources */ = {isa = PBXBuildFile; fileRef = C76D89E61B5D18F600D8CAE3 /* AppDelegate.swift */; };
		C76D89E91B5D18F600D8CAE3 /* ViewController.swift in Sources */ = {isa = PBXBuildFile; fileRef = C76D89E81B5D18F600D8CAE3 /* ViewController.swift */; };
		C76D89EC1B5D18F600D8CAE3 /* Main.storyboard in Resources */ = {isa = PBXBuildFile; fileRef = C76D89EA1B5D18F600D8CAE3 /* Main.storyboard */; };
		C76D89EE1B5D18F600D8CAE3 /* Images.xcassets in Resources */ = {isa = PBXBuildFile; fileRef = C76D89ED1B5D18F600D8CAE3 /* Images.xcassets */; };
		C76D89F11B5D18F600D8CAE3 /* LaunchScreen.xib in Resources */ = {isa = PBXBuildFile; fileRef = C76D89EF1B5D18F600D8CAE3 /* LaunchScreen.xib */; };
		C76D89FD1B5D18F600D8CAE3 /* iOSanimationTests.swift in Sources */ = {isa = PBXBuildFile; fileRef = C76D89FC1B5D18F600D8CAE3 /* iOSanimationTests.swift */; };
		C76D8A071B5D1D0F00D8CAE3 /* PositionViewController.swift in Sources */ = {isa = PBXBuildFile; fileRef = C76D8A061B5D1D0F00D8CAE3 /* PositionViewController.swift */; };
		C76D8A091B5D2AD700D8CAE3 /* OpacityViewController.swift in Sources */ = {isa = PBXBuildFile; fileRef = C76D8A081B5D2AD700D8CAE3 /* OpacityViewController.swift */; };
		C76D8A0B1B5D2D9500D8CAE3 /* ScaleViewController.swift in Sources */ = {isa = PBXBuildFile; fileRef = C76D8A0A1B5D2D9500D8CAE3 /* ScaleViewController.swift */; };
		C76D8A0D1B5D2F9D00D8CAE3 /* ColorViewController.swift in Sources */ = {isa = PBXBuildFile; fileRef = C76D8A0C1B5D2F9D00D8CAE3 /* ColorViewController.swift */; };
		C76D8A0F1B5D31A800D8CAE3 /* RotationViewController.swift in Sources */ = {isa = PBXBuildFile; fileRef = C76D8A0E1B5D31A800D8CAE3 /* RotationViewController.swift */; };
		C76D8A111B5D329600D8CAE3 /* ladder.png in Resources */ = {isa = PBXBuildFile; fileRef = C76D8A101B5D329600D8CAE3 /* ladder.png */; };
		C7ED7C451B68AD8F004CAF1A /* RepeatViewController.swift in Sources */ = {isa = PBXBuildFile; fileRef = C7ED7C441B68AD8F004CAF1A /* RepeatViewController.swift */; };
		C7ED7C471B68B9AA004CAF1A /* EasingViewController.swift in Sources */ = {isa = PBXBuildFile; fileRef = C7ED7C461B68B9AA004CAF1A /* EasingViewController.swift */; };
		C7ED7C491B68BE15004CAF1A /* SpringViewController.swift in Sources */ = {isa = PBXBuildFile; fileRef = C7ED7C481B68BE15004CAF1A /* SpringViewController.swift */; };
/* End PBXBuildFile section */

/* Begin PBXContainerItemProxy section */
		C76D89F71B5D18F600D8CAE3 /* PBXContainerItemProxy */ = {
			isa = PBXContainerItemProxy;
			containerPortal = C76D89D91B5D18F600D8CAE3 /* Project object */;
			proxyType = 1;
			remoteGlobalIDString = C76D89E01B5D18F600D8CAE3;
			remoteInfo = iOSanimation;
		};
/* End PBXContainerItemProxy section */

/* Begin PBXFileReference section */
		C76D89E11B5D18F600D8CAE3 /* iOSanimation.app */ = {isa = PBXFileReference; explicitFileType = wrapper.application; includeInIndex = 0; path = iOSanimation.app; sourceTree = BUILT_PRODUCTS_DIR; };
		C76D89E51B5D18F600D8CAE3 /* Info.plist */ = {isa = PBXFileReference; lastKnownFileType = text.plist.xml; path = Info.plist; sourceTree = "<group>"; };
		C76D89E61B5D18F600D8CAE3 /* AppDelegate.swift */ = {isa = PBXFileReference; lastKnownFileType = sourcecode.swift; path = AppDelegate.swift; sourceTree = "<group>"; };
		C76D89E81B5D18F600D8CAE3 /* ViewController.swift */ = {isa = PBXFileReference; lastKnownFileType = sourcecode.swift; path = ViewController.swift; sourceTree = "<group>"; };
		C76D89EB1B5D18F600D8CAE3 /* Base */ = {isa = PBXFileReference; lastKnownFileType = file.storyboard; name = Base; path = Base.lproj/Main.storyboard; sourceTree = "<group>"; };
		C76D89ED1B5D18F600D8CAE3 /* Images.xcassets */ = {isa = PBXFileReference; lastKnownFileType = folder.assetcatalog; path = Images.xcassets; sourceTree = "<group>"; };
		C76D89F01B5D18F600D8CAE3 /* Base */ = {isa = PBXFileReference; lastKnownFileType = file.xib; name = Base; path = Base.lproj/LaunchScreen.xib; sourceTree = "<group>"; };
		C76D89F61B5D18F600D8CAE3 /* iOSanimationTests.xctest */ = {isa = PBXFileReference; explicitFileType = wrapper.cfbundle; includeInIndex = 0; path = iOSanimationTests.xctest; sourceTree = BUILT_PRODUCTS_DIR; };
		C76D89FB1B5D18F600D8CAE3 /* Info.plist */ = {isa = PBXFileReference; lastKnownFileType = text.plist.xml; path = Info.plist; sourceTree = "<group>"; };
		C76D89FC1B5D18F600D8CAE3 /* iOSanimationTests.swift */ = {isa = PBXFileReference; lastKnownFileType = sourcecode.swift; path = iOSanimationTests.swift; sourceTree = "<group>"; };
		C76D8A061B5D1D0F00D8CAE3 /* PositionViewController.swift */ = {isa = PBXFileReference; fileEncoding = 4; lastKnownFileType = sourcecode.swift; path = PositionViewController.swift; sourceTree = "<group>"; };
		C76D8A081B5D2AD700D8CAE3 /* OpacityViewController.swift */ = {isa = PBXFileReference; fileEncoding = 4; lastKnownFileType = sourcecode.swift; path = OpacityViewController.swift; sourceTree = "<group>"; };
		C76D8A0A1B5D2D9500D8CAE3 /* ScaleViewController.swift */ = {isa = PBXFileReference; fileEncoding = 4; lastKnownFileType = sourcecode.swift; path = ScaleViewController.swift; sourceTree = "<group>"; };
		C76D8A0C1B5D2F9D00D8CAE3 /* ColorViewController.swift */ = {isa = PBXFileReference; fileEncoding = 4; lastKnownFileType = sourcecode.swift; path = ColorViewController.swift; sourceTree = "<group>"; };
		C76D8A0E1B5D31A800D8CAE3 /* RotationViewController.swift */ = {isa = PBXFileReference; fileEncoding = 4; lastKnownFileType = sourcecode.swift; path = RotationViewController.swift; sourceTree = "<group>"; };
		C76D8A101B5D329600D8CAE3 /* ladder.png */ = {isa = PBXFileReference; lastKnownFileType = image.png; path = ladder.png; sourceTree = "<group>"; };
		C7ED7C441B68AD8F004CAF1A /* RepeatViewController.swift */ = {isa = PBXFileReference; fileEncoding = 4; lastKnownFileType = sourcecode.swift; path = RepeatViewController.swift; sourceTree = "<group>"; };
		C7ED7C461B68B9AA004CAF1A /* EasingViewController.swift */ = {isa = PBXFileReference; fileEncoding = 4; lastKnownFileType = sourcecode.swift; path = EasingViewController.swift; sourceTree = "<group>"; };
		C7ED7C481B68BE15004CAF1A /* SpringViewController.swift */ = {isa = PBXFileReference; fileEncoding = 4; lastKnownFileType = sourcecode.swift; path = SpringViewController.swift; sourceTree = "<group>"; };
/* End PBXFileReference section */

/* Begin PBXFrameworksBuildPhase section */
		C76D89DE1B5D18F600D8CAE3 /* Frameworks */ = {
			isa = PBXFrameworksBuildPhase;
			buildActionMask = 2147483647;
			files = (
			);
			runOnlyForDeploymentPostprocessing = 0;
		};
		C76D89F31B5D18F600D8CAE3 /* Frameworks */ = {
			isa = PBXFrameworksBuildPhase;
			buildActionMask = 2147483647;
			files = (
			);
			runOnlyForDeploymentPostprocessing = 0;
		};
/* End PBXFrameworksBuildPhase section */

/* Begin PBXGroup section */
		C76D89D81B5D18F600D8CAE3 = {
			isa = PBXGroup;
			children = (
				C76D89E31B5D18F600D8CAE3 /* iOSanimation */,
				C76D89F91B5D18F600D8CAE3 /* iOSanimationTests */,
				C76D89E21B5D18F600D8CAE3 /* Products */,
			);
			sourceTree = "<group>";
		};
		C76D89E21B5D18F600D8CAE3 /* Products */ = {
			isa = PBXGroup;
			children = (
				C76D89E11B5D18F600D8CAE3 /* iOSanimation.app */,
				C76D89F61B5D18F600D8CAE3 /* iOSanimationTests.xctest */,
			);
			name = Products;
			sourceTree = "<group>";
		};
		C76D89E31B5D18F600D8CAE3 /* iOSanimation */ = {
			isa = PBXGroup;
			children = (
				C76D89E61B5D18F600D8CAE3 /* AppDelegate.swift */,
				C76D89E81B5D18F600D8CAE3 /* ViewController.swift */,
				C76D8A061B5D1D0F00D8CAE3 /* PositionViewController.swift */,
				C76D8A081B5D2AD700D8CAE3 /* OpacityViewController.swift */,
				C76D8A0A1B5D2D9500D8CAE3 /* ScaleViewController.swift */,
				C76D8A0C1B5D2F9D00D8CAE3 /* ColorViewController.swift */,
				C76D8A0E1B5D31A800D8CAE3 /* RotationViewController.swift */,
				C7ED7C441B68AD8F004CAF1A /* RepeatViewController.swift */,
				C7ED7C461B68B9AA004CAF1A /* EasingViewController.swift */,
				C76D89EA1B5D18F600D8CAE3 /* Main.storyboard */,
				C76D89ED1B5D18F600D8CAE3 /* Images.xcassets */,
				C76D8A101B5D329600D8CAE3 /* ladder.png */,
				C76D89EF1B5D18F600D8CAE3 /* LaunchScreen.xib */,
				C76D89E41B5D18F600D8CAE3 /* Supporting Files */,
				C7ED7C481B68BE15004CAF1A /* SpringViewController.swift */,
			);
			path = iOSanimation;
			sourceTree = "<group>";
		};
		C76D89E41B5D18F600D8CAE3 /* Supporting Files */ = {
			isa = PBXGroup;
			children = (
				C76D89E51B5D18F600D8CAE3 /* Info.plist */,
			);
			name = "Supporting Files";
			sourceTree = "<group>";
		};
		C76D89F91B5D18F600D8CAE3 /* iOSanimationTests */ = {
			isa = PBXGroup;
			children = (
				C76D89FC1B5D18F600D8CAE3 /* iOSanimationTests.swift */,
				C76D89FA1B5D18F600D8CAE3 /* Supporting Files */,
			);
			path = iOSanimationTests;
			sourceTree = "<group>";
		};
		C76D89FA1B5D18F600D8CAE3 /* Supporting Files */ = {
			isa = PBXGroup;
			children = (
				C76D89FB1B5D18F600D8CAE3 /* Info.plist */,
			);
			name = "Supporting Files";
			sourceTree = "<group>";
		};
/* End PBXGroup section */

/* Begin PBXNativeTarget section */
		C76D89E01B5D18F600D8CAE3 /* iOSanimation */ = {
			isa = PBXNativeTarget;
			buildConfigurationList = C76D8A001B5D18F600D8CAE3 /* Build configuration list for PBXNativeTarget "iOSanimation" */;
			buildPhases = (
				C76D89DD1B5D18F600D8CAE3 /* Sources */,
				C76D89DE1B5D18F600D8CAE3 /* Frameworks */,
				C76D89DF1B5D18F600D8CAE3 /* Resources */,
			);
			buildRules = (
			);
			dependencies = (
			);
			name = iOSanimation;
			productName = iOSanimation;
			productReference = C76D89E11B5D18F600D8CAE3 /* iOSanimation.app */;
			productType = "com.apple.product-type.application";
		};
		C76D89F51B5D18F600D8CAE3 /* iOSanimationTests */ = {
			isa = PBXNativeTarget;
			buildConfigurationList = C76D8A031B5D18F600D8CAE3 /* Build configuration list for PBXNativeTarget "iOSanimationTests" */;
			buildPhases = (
				C76D89F21B5D18F600D8CAE3 /* Sources */,
				C76D89F31B5D18F600D8CAE3 /* Frameworks */,
				C76D89F41B5D18F600D8CAE3 /* Resources */,
			);
			buildRules = (
			);
			dependencies = (
				C76D89F81B5D18F600D8CAE3 /* PBXTargetDependency */,
			);
			name = iOSanimationTests;
			productName = iOSanimationTests;
			productReference = C76D89F61B5D18F600D8CAE3 /* iOSanimationTests.xctest */;
			productType = "com.apple.product-type.bundle.unit-test";
		};
/* End PBXNativeTarget section */

/* Begin PBXProject section */
		C76D89D91B5D18F600D8CAE3 /* Project object */ = {
			isa = PBXProject;
			attributes = {
				LastUpgradeCheck = 0640;
				ORGANIZATIONNAME = imduran;
				TargetAttributes = {
					C76D89E01B5D18F600D8CAE3 = {
						CreatedOnToolsVersion = 6.4;
					};
					C76D89F51B5D18F600D8CAE3 = {
						CreatedOnToolsVersion = 6.4;
						TestTargetID = C76D89E01B5D18F600D8CAE3;
					};
				};
			};
			buildConfigurationList = C76D89DC1B5D18F600D8CAE3 /* Build configuration list for PBXProject "iOSanimation" */;
			compatibilityVersion = "Xcode 3.2";
			developmentRegion = English;
			hasScannedForEncodings = 0;
			knownRegions = (
				en,
				Base,
			);
			mainGroup = C76D89D81B5D18F600D8CAE3;
			productRefGroup = C76D89E21B5D18F600D8CAE3 /* Products */;
			projectDirPath = "";
			projectRoot = "";
			targets = (
				C76D89E01B5D18F600D8CAE3 /* iOSanimation */,
				C76D89F51B5D18F600D8CAE3 /* iOSanimationTests */,
			);
		};
/* End PBXProject section */

/* Begin PBXResourcesBuildPhase section */
		C76D89DF1B5D18F600D8CAE3 /* Resources */ = {
			isa = PBXResourcesBuildPhase;
			buildActionMask = 2147483647;
			files = (
				C76D89EC1B5D18F600D8CAE3 /* Main.storyboard in Resources */,
				C76D8A111B5D329600D8CAE3 /* ladder.png in Resources */,
				C76D89F11B5D18F600D8CAE3 /* LaunchScreen.xib in Resources */,
				C76D89EE1B5D18F600D8CAE3 /* Images.xcassets in Resources */,
			);
			runOnlyForDeploymentPostprocessing = 0;
		};
		C76D89F41B5D18F600D8CAE3 /* Resources */ = {
			isa = PBXResourcesBuildPhase;
			buildActionMask = 2147483647;
			files = (
			);
			runOnlyForDeploymentPostprocessing = 0;
		};
/* End PBXResourcesBuildPhase section */

/* Begin PBXSourcesBuildPhase section */
		C76D89DD1B5D18F600D8CAE3 /* Sources */ = {
			isa = PBXSourcesBuildPhase;
			buildActionMask = 2147483647;
			files = (
				C76D8A071B5D1D0F00D8CAE3 /* PositionViewController.swift in Sources */,
				C76D8A0B1B5D2D9500D8CAE3 /* ScaleViewController.swift in Sources */,
				C7ED7C471B68B9AA004CAF1A /* EasingViewController.swift in Sources */,
				C7ED7C491B68BE15004CAF1A /* SpringViewController.swift in Sources */,
				C76D89E91B5D18F600D8CAE3 /* ViewController.swift in Sources */,
				C76D8A091B5D2AD700D8CAE3 /* OpacityViewController.swift in Sources */,
				C76D8A0F1B5D31A800D8CAE3 /* RotationViewController.swift in Sources */,
				C7ED7C451B68AD8F004CAF1A /* RepeatViewController.swift in Sources */,
				C76D8A0D1B5D2F9D00D8CAE3 /* ColorViewController.swift in Sources */,
				C76D89E71B5D18F600D8CAE3 /* AppDelegate.swift in Sources */,
			);
			runOnlyForDeploymentPostprocessing = 0;
		};
		C76D89F21B5D18F600D8CAE3 /* Sources */ = {
			isa = PBXSourcesBuildPhase;
			buildActionMask = 2147483647;
			files = (
				C76D89FD1B5D18F600D8CAE3 /* iOSanimationTests.swift in Sources */,
			);
			runOnlyForDeploymentPostprocessing = 0;
		};
/* End PBXSourcesBuildPhase section */

/* Begin PBXTargetDependency section */
		C76D89F81B5D18F600D8CAE3 /* PBXTargetDependency */ = {
			isa = PBXTargetDependency;
			target = C76D89E01B5D18F600D8CAE3 /* iOSanimation */;
			targetProxy = C76D89F71B5D18F600D8CAE3 /* PBXContainerItemProxy */;
		};
/* End PBXTargetDependency section */

/* Begin PBXVariantGroup section */
		C76D89EA1B5D18F600D8CAE3 /* Main.storyboard */ = {
			isa = PBXVariantGroup;
			children = (
				C76D89EB1B5D18F600D8CAE3 /* Base */,
			);
			name = Main.storyboard;
			sourceTree = "<group>";
		};
		C76D89EF1B5D18F600D8CAE3 /* LaunchScreen.xib */ = {
			isa = PBXVariantGroup;
			children = (
				C76D89F01B5D18F600D8CAE3 /* Base */,
			);
			name = LaunchScreen.xib;
			sourceTree = "<group>";
		};
/* End PBXVariantGroup section */

/* Begin XCBuildConfiguration section */
		C76D89FE1B5D18F600D8CAE3 /* Debug */ = {
			isa = XCBuildConfiguration;
			buildSettings = {
				ALWAYS_SEARCH_USER_PATHS = NO;
				CLANG_CXX_LANGUAGE_STANDARD = "gnu++0x";
				CLANG_CXX_LIBRARY = "libc++";
				CLANG_ENABLE_MODULES = YES;
				CLANG_ENABLE_OBJC_ARC = YES;
				CLANG_WARN_BOOL_CONVERSION = YES;
				CLANG_WARN_CONSTANT_CONVERSION = YES;
				CLANG_WARN_DIRECT_OBJC_ISA_USAGE = YES_ERROR;
				CLANG_WARN_EMPTY_BODY = YES;
				CLANG_WARN_ENUM_CONVERSION = YES;
				CLANG_WARN_INT_CONVERSION = YES;
				CLANG_WARN_OBJC_ROOT_CLASS = YES_ERROR;
				CLANG_WARN_UNREACHABLE_CODE = YES;
				CLANG_WARN__DUPLICATE_METHOD_MATCH = YES;
				"CODE_SIGN_IDENTITY[sdk=iphoneos*]" = "iPhone Developer";
				COPY_PHASE_STRIP = NO;
				DEBUG_INFORMATION_FORMAT = "dwarf-with-dsym";
				ENABLE_STRICT_OBJC_MSGSEND = YES;
				GCC_C_LANGUAGE_STANDARD = gnu99;
				GCC_DYNAMIC_NO_PIC = NO;
				GCC_NO_COMMON_BLOCKS = YES;
				GCC_OPTIMIZATION_LEVEL = 0;
				GCC_PREPROCESSOR_DEFINITIONS = (
					"DEBUG=1",
					"$(inherited)",
				);
				GCC_SYMBOLS_PRIVATE_EXTERN = NO;
				GCC_WARN_64_TO_32_BIT_CONVERSION = YES;
				GCC_WARN_ABOUT_RETURN_TYPE = YES_ERROR;
				GCC_WARN_UNDECLARED_SELECTOR = YES;
				GCC_WARN_UNINITIALIZED_AUTOS = YES_AGGRESSIVE;
				GCC_WARN_UNUSED_FUNCTION = YES;
				GCC_WARN_UNUSED_VARIABLE = YES;
				IPHONEOS_DEPLOYMENT_TARGET = 8.4;
				MTL_ENABLE_DEBUG_INFO = YES;
				ONLY_ACTIVE_ARCH = YES;
				SDKROOT = iphoneos;
				SWIFT_OPTIMIZATION_LEVEL = "-Onone";
			};
			name = Debug;
		};
		C76D89FF1B5D18F600D8CAE3 /* Release */ = {
			isa = XCBuildConfiguration;
			buildSettings = {
				ALWAYS_SEARCH_USER_PATHS = NO;
				CLANG_CXX_LANGUAGE_STANDARD = "gnu++0x";
				CLANG_CXX_LIBRARY = "libc++";
				CLANG_ENABLE_MODULES = YES;
				CLANG_ENABLE_OBJC_ARC = YES;
				CLANG_WARN_BOOL_CONVERSION = YES;
				CLANG_WARN_CONSTANT_CONVERSION = YES;
				CLANG_WARN_DIRECT_OBJC_ISA_USAGE = YES_ERROR;
				CLANG_WARN_EMPTY_BODY = YES;
				CLANG_WARN_ENUM_CONVERSION = YES;
				CLANG_WARN_INT_CONVERSION = YES;
				CLANG_WARN_OBJC_ROOT_CLASS = YES_ERROR;
				CLANG_WARN_UNREACHABLE_CODE = YES;
				CLANG_WARN__DUPLICATE_METHOD_MATCH = YES;
				"CODE_SIGN_IDENTITY[sdk=iphoneos*]" = "iPhone Developer";
				COPY_PHASE_STRIP = NO;
				DEBUG_INFORMATION_FORMAT = "dwarf-with-dsym";
				ENABLE_NS_ASSERTIONS = NO;
				ENABLE_STRICT_OBJC_MSGSEND = YES;
				GCC_C_LANGUAGE_STANDARD = gnu99;
				GCC_NO_COMMON_BLOCKS = YES;
				GCC_WARN_64_TO_32_BIT_CONVERSION = YES;
				GCC_WARN_ABOUT_RETURN_TYPE = YES_ERROR;
				GCC_WARN_UNDECLARED_SELECTOR = YES;
				GCC_WARN_UNINITIALIZED_AUTOS = YES_AGGRESSIVE;
				GCC_WARN_UNUSED_FUNCTION = YES;
				GCC_WARN_UNUSED_VARIABLE = YES;
				IPHONEOS_DEPLOYMENT_TARGET = 8.4;
				MTL_ENABLE_DEBUG_INFO = NO;
				SDKROOT = iphoneos;
				VALIDATE_PRODUCT = YES;
			};
			name = Release;
		};
		C76D8A011B5D18F600D8CAE3 /* Debug */ = {
			isa = XCBuildConfiguration;
			buildSettings = {
				ASSETCATALOG_COMPILER_APPICON_NAME = AppIcon;
				INFOPLIST_FILE = iOSanimation/Info.plist;
				LD_RUNPATH_SEARCH_PATHS = "$(inherited) @executable_path/Frameworks";
				PRODUCT_NAME = "$(TARGET_NAME)";
			};
			name = Debug;
		};
		C76D8A021B5D18F600D8CAE3 /* Release */ = {
			isa = XCBuildConfiguration;
			buildSettings = {
				ASSETCATALOG_COMPILER_APPICON_NAME = AppIcon;
				INFOPLIST_FILE = iOSanimation/Info.plist;
				LD_RUNPATH_SEARCH_PATHS = "$(inherited) @executable_path/Frameworks";
				PRODUCT_NAME = "$(TARGET_NAME)";
			};
			name = Release;
		};
		C76D8A041B5D18F600D8CAE3 /* Debug */ = {
			isa = XCBuildConfiguration;
			buildSettings = {
				BUNDLE_LOADER = "$(TEST_HOST)";
				FRAMEWORK_SEARCH_PATHS = (
					"$(SDKROOT)/Developer/Library/Frameworks",
					"$(inherited)",
				);
				GCC_PREPROCESSOR_DEFINITIONS = (
					"DEBUG=1",
					"$(inherited)",
				);
				INFOPLIST_FILE = iOSanimationTests/Info.plist;
				LD_RUNPATH_SEARCH_PATHS = "$(inherited) @executable_path/Frameworks @loader_path/Frameworks";
				PRODUCT_NAME = "$(TARGET_NAME)";
				TEST_HOST = "$(BUILT_PRODUCTS_DIR)/iOSanimation.app/iOSanimation";
			};
			name = Debug;
		};
		C76D8A051B5D18F600D8CAE3 /* Release */ = {
			isa = XCBuildConfiguration;
			buildSettings = {
				BUNDLE_LOADER = "$(TEST_HOST)";
				FRAMEWORK_SEARCH_PATHS = (
					"$(SDKROOT)/Developer/Library/Frameworks",
					"$(inherited)",
				);
				INFOPLIST_FILE = iOSanimationTests/Info.plist;
				LD_RUNPATH_SEARCH_PATHS = "$(inherited) @executable_path/Frameworks @loader_path/Frameworks";
				PRODUCT_NAME = "$(TARGET_NAME)";
				TEST_HOST = "$(BUILT_PRODUCTS_DIR)/iOSanimation.app/iOSanimation";
			};
			name = Release;
		};
/* End XCBuildConfiguration section */

/* Begin XCConfigurationList section */
		C76D89DC1B5D18F600D8CAE3 /* Build configuration list for PBXProject "iOSanimation" */ = {
			isa = XCConfigurationList;
			buildConfigurations = (
				C76D89FE1B5D18F600D8CAE3 /* Debug */,
				C76D89FF1B5D18F600D8CAE3 /* Release */,
			);
			defaultConfigurationIsVisible = 0;
			defaultConfigurationName = Release;
		};
		C76D8A001B5D18F600D8CAE3 /* Build configuration list for PBXNativeTarget "iOSanimation" */ = {
			isa = XCConfigurationList;
			buildConfigurations = (
				C76D8A011B5D18F600D8CAE3 /* Debug */,
				C76D8A021B5D18F600D8CAE3 /* Release */,
			);
			defaultConfigurationIsVisible = 0;
			defaultConfigurationName = Release;
		};
		C76D8A031B5D18F600D8CAE3 /* Build configuration list for PBXNativeTarget "iOSanimationTests" */ = {
			isa = XCConfigurationList;
			buildConfigurations = (
				C76D8A041B5D18F600D8CAE3 /* Debug */,
				C76D8A051B5D18F600D8CAE3 /* Release */,
			);
			defaultConfigurationIsVisible = 0;
			defaultConfigurationName = Release;
		};
/* End XCConfigurationList section */
	};
	rootObject = C76D89D91B5D18F600D8CAE3 /* Project object */;
}
